{
  "version": 4,
  "terraform_version": "1.11.4",
  "serial": 849,
  "lineage": "8a9f8112-5fad-7f82-d940-a98cd147e5e4",
  "outputs": {
    "ecr_repository_url": {
      "value": "140023385240.dkr.ecr.us-east-1.amazonaws.com/next-app",
      "type": "string"
    },
    "load_balancer_dns": {
      "value": "next-app-alb-1099024075.us-east-1.elb.amazonaws.com",
      "type": "string"
    },
    "nameservers": {
      "value": "Add these nameservers to your domain provider's DNS settings if not already configured:\nns-1154.awsdns-16.org\nns-2031.awsdns-61.co.uk\nns-827.awsdns-39.net\nns-95.awsdns-11.com",
      "type": "string"
    }
  },
  "resources": [
    {
      "mode": "data",
      "type": "aws_ami",
      "name": "amazon_linux_ecs",
      "provider": "provider[\"registry.terraform.io/hashicorp/aws\"]",
      "instances": [
        {
          "schema_version": 0,
          "attributes": {
            "architecture": "x86_64",
            "arn": "arn:aws:ec2:us-east-1::image/ami-04596cea465c34ae4",
            "block_device_mappings": [
              {
                "device_name": "/dev/xvda",
                "ebs": {
                  "delete_on_termination": "true",
                  "encrypted": "false",
                  "iops": "0",
                  "snapshot_id": "snap-02b62a24d904df8ae",
                  "throughput": "0",
                  "volume_size": "30",
                  "volume_type": "gp2"
                },
                "no_device": "",
                "virtual_name": ""
              }
            ],
            "boot_mode": "",
            "creation_date": "2025-05-06T01:47:16.000Z",
            "deprecation_time": "2027-05-06T01:47:16.000Z",
            "description": "Amazon Linux AMI 2.0.20250505 x86_64 ECS HVM GP2",
            "ena_support": true,
            "executable_users": null,
            "filter": [
              {
                "name": "name",
                "values": [
                  "amzn2-ami-ecs-hvm-*-x86_64-ebs"
                ]
              },
              {
                "name": "virtualization-type",
                "values": [
                  "hvm"
                ]
              }
            ],
            "hypervisor": "xen",
            "id": "ami-04596cea465c34ae4",
            "image_id": "ami-04596cea465c34ae4",
            "image_location": "amazon/amzn2-ami-ecs-hvm-2.0.20250505-x86_64-ebs",
            "image_owner_alias": "amazon",
            "image_type": "machine",
            "imds_support": "",
            "include_deprecated": false,
            "kernel_id": "",
            "last_launched_time": "",
            "most_recent": true,
            "name": "amzn2-ami-ecs-hvm-2.0.20250505-x86_64-ebs",
            "name_regex": null,
            "owner_id": "591542846629",
            "owners": [
              "amazon"
            ],
            "platform": "",
            "platform_details": "Linux/UNIX",
            "product_codes": [],
            "public": true,
            "ramdisk_id": "",
            "root_device_name": "/dev/xvda",
            "root_device_type": "ebs",
            "root_snapshot_id": "snap-02b62a24d904df8ae",
            "sriov_net_support": "simple",
            "state": "available",
            "state_reason": {
              "code": "UNSET",
              "message": "UNSET"
            },
            "tags": {},
            "timeouts": null,
            "tpm_support": "",
            "uefi_data": null,
            "usage_operation": "RunInstances",
            "virtualization_type": "hvm"
          },
          "sensitive_attributes": []
        }
      ]
    },
    {
      "mode": "data",
      "type": "aws_ecr_authorization_token",
      "name": "token",
      "provider": "provider[\"registry.terraform.io/hashicorp/aws\"]",
      "instances": [
        {
          "schema_version": 0,
          "attributes": {
            "authorization_token": "QVdTOmV5SndZWGxzYjJGa0lqb2lUMGREVEdkQlJuTk5VbGsxY0hsdVV6VjZkbmhUTWpFNE9HTTNRWEJaVUVOQmQxVklRbFJzWlRnM2FuRldjMHhJU1hKTGVXRndTVEpoYjA1UmJXNTBOMWRIUWtrMU1XSlVUazVPTW5SbVRqRnRaak5PTjI4emVURkdiM0ZsV0dVMFVXbE5NV0V5Y0ZJeE5WZ3JXbWNyYkd3d1VUUXdXbnBIUjBOUmVrOXNlaTh5THk4NU5IWnpSRmhxTkc1aGJYSkNXblpvVWtWTFowTXpTVVo0UVVsMFZqSmpkVFJtYUU1WVEyMVhZbWRIUzJwcGFrdzRUeTkwVldoeGVWazRUblpUUlc1bk1qQTNVVzFpUkhad05UTnVkaTh3VEd0RFpIa3dZMU5zUkZrd1psTTNVVEl4UlUxUmIxaHFWRGcyUzBSRU5qQlpjekpFVm1aR01qYzJLMlZoVjJsUWNGSnRVa2hRY25aUVdEVllNVFpFTTJocFJuTlpSbHBFZWpKc1VFNDJRVEV3YTBGMFRqSnBSQ3R2UzNSQ1RrTk1NbWhvWm5SVlptb3pZVWRSUWk4MVdFaEZialpJUVhkMVdHWXlTVXd4TVZwSFRFVjZaM2cxZVRGM2EyZGlTRmRNWldSWVMzcHFVV2xQVVhOQ1VrRlhTbVpTTTJkbFFtTTROV2RZYVd3clYwRnBjM1pOWTJWd1kzWnZTeloxTTFSTFVtTkVlbkJPZUhsWVJreDZjMFJoV205TVRFRkdXbU53VEdoWmIzQlZhVEUwVVZSQ2NucDNkbTl2Ulc1TVpWbDNNUzh2TUZCUGNYSmtTVUoyVlRCTVMxVmhRMDh5ZEhwWGRHMUROMWt5WkhsMmJXTnpjamxLYUZOUmRqWjNTMUJYTHk4clptcHNiREJQWmtONE5tSm5lbmt5UW01bmFXRm9UM2hWTTNjd1dDdHBhVWxKZDJsVVoyVk5hbmRsVFhGdU56TXJXRkpYYWs1VWRHRlZPVE1yVVVOVlNtWmhWemxtZG5Sb1ZGSktiMUJPTVVaQ2RYQjVXbTlTZDJscUwzQkRSRmhETjNWRFFrMVNPRE00YnpJdk5YVnRUVzFxU1U1WGIyVkxVblJwVlZScGRrdGxka2hoZGpKaFoyRkpZamR1U0cxdVRHUjVOa015YTJOeVJ6TmxOM0JQUmpsaWFEZEpSRmx4WXpaaWJqSXZaRlpGYW5waWFqTXdhRFY0VVVoUVRVbFVjV1JOZDFwWlR6bEpkbE5OU2t0Q05FRXJTRXM0UTNWUlFURlBlVmswU2xRNWJVVjRUWGMyUjFWeE1VVm9RVWMxVjJvNE5XNWpUMVI2Vm0xNlNVbDRVR0pOV21kWmJFSm9aakJ2U0hkak4yeHpObUptV2t0MVFuWnlLM2hNYUU5RFNFSlNZVEl6UzJScFlUbGllbkEwUTJ3dllsWm9VV1JoY1UxRFpXMXdjMFpQV1VKWFdGcDNUbkpVVW14eWVGWldUR3BDT1hoM09XdzJha2s0ZURjM09FUjZPVXREVVRGWmNVZEpjM1pxVTI4NFQwSkZaRlpVVkVKQ1RURlVZMkp0ZWpOeE9DOTFMMlZsWm5sR1QwZGxPVGsxTHpWUWFqbEhiRlF4ZDNadWRTdDVLMWRwUzBwS1QzTXZaRkZoVm5aWVFqWXlla04zUkVoM1EwSjBVbkp3UmpaWFpFcE9OM1kwZUZKamRuTk1jM2R5V1dWUVpVcHhjMk4zTTBObVZVVnpiMUoxVjJrNE5FNWtWVGRTUWxkWE9Wb3hNblJMVm1seVpHbHhaR1IwU0M5MFFsaHpZakpoSWl3aVpHRjBZV3RsZVNJNklrRlJSVUpCU0doM2JUQlpZVWxUU21WU2RFcHROVzR4UnpaMWNXVmxhMWgxYjFoWVVHVTFWVVpqWlRsU2NUZ3ZNVFIzUVVGQlNEUjNaa0ZaU2t0dldrbG9kbU5PUVZGalIyOUhPSGRpVVVsQ1FVUkNiMEpuYTNGb2EybEhPWGN3UWtKM1JYZElaMWxLV1VsYVNVRlhWVVJDUVVWMVRVSkZSVVJIYkdWSVdHaFFhMFpMUW04MGNYbHdaMGxDUlVsQk4yRnRRMU5uYjFOWGFVSnNUbFZtYldKS1oyeGlTV2hSY1RnclRHeHdOVmhGYkhSUmIybHJSVU4xVjFaMVltdzBhbFkwUW5wMVRHeEhTMnBGYWs1dVUyeHJTWE54TTBSUUx6bHpORFJ4VW1jOUlpd2lkbVZ5YzJsdmJpSTZJaklpTENKMGVYQmxJam9pUkVGVVFWOUxSVmtpTENKbGVIQnBjbUYwYVc5dUlqb3hOelEzTVRjMU5UYzJmUT09",
            "expires_at": "2025-05-13T22:32:56Z",
            "id": "us-east-1",
            "password": "eyJwYXlsb2FkIjoiT0dDTGdBRnNNUlk1cHluUzV6dnhTMjE4OGM3QXBZUENBd1VIQlRsZTg3anFWc0xISXJLeWFwSTJhb05RbW50N1dHQkk1MWJUTk5OMnRmTjFtZjNON28zeTFGb3FlWGU0UWlNMWEycFIxNVgrWmcrbGwwUTQwWnpHR0NRek9sei8yLy85NHZzRFhqNG5hbXJCWnZoUkVLZ0MzSUZ4QUl0VjJjdTRmaE5YQ21XYmdHS2ppakw4Ty90VWhxeVk4TnZTRW5nMjA3UW1iRHZwNTNudi8wTGtDZHkwY1NsRFkwZlM3UTIxRU1Rb1hqVDg2S0RENjBZczJEVmZGMjc2K2VhV2lQcFJtUkhQcnZQWDVYMTZEM2hpRnNZRlpEejJsUE42QTEwa0F0TjJpRCtvS3RCTkNMMmhoZnRVZmozYUdRQi81WEhFbjZIQXd1WGYySUwxMVpHTEV6Z3g1eTF3a2diSFdMZWRYS3pqUWlPUXNCUkFXSmZSM2dlQmM4NWdYaWwrV0Fpc3ZNY2VwY3ZvSzZ1M1RLUmNEenBOeHlYRkx6c0RhWm9MTEFGWmNwTGhZb3BVaTE0UVRCcnp3dm9vRW5MZVl3MS8vMFBPcXJkSUJ2VTBMS1VhQ08ydHpXdG1DN1kyZHl2bWNzcjlKaFNRdjZ3S1BXLy8rZmpsbDBPZkN4NmJnenkyQm5naWFoT3hVM3cwWCtpaUlJd2lUZ2VNandlTXFuNzMrWFJXak5UdGFVOTMrUUNVSmZhVzlmdnRoVFJKb1BOMUZCdXB5Wm9Sd2lqL3BDRFhDN3VDQk1SODM4bzIvNXVtTW1qSU5Xb2VLUnRpVVRpdktldkhhdjJhZ2FJYjduSG1uTGR5NkMya2NyRzNlN3BPRjliaDdJRFlxYzZibjIvZFZFanpiajMwaDV4UUhQTUlUcWRNd1pZTzlJdlNNSktCNEErSEs4Q3VRQTFPeVk0SlQ5bUV4TXc2R1VxMUVoQUc1V2o4NW5jT1R6Vm16SUl4UGJNWmdZbEJoZjBvSHdjN2xzNmJmWkt1QnZyK3hMaE9DSEJSYTIzS2RpYTlienA0Q2wvYlZoUWRhcU1DZW1wc0ZPWUJXWFp3TnJUUmxyeFZWTGpCOXh3OWw2akk4eDc3OER6OUtDUTFZcUdJc3ZqU284T0JFZFZUVEJCTTFUY2JtejNxOC91L2VlZnlGT0dlOTk1LzVQajlHbFQxd3ZudSt5K1dpS0pKT3MvZFFhVnZYQjYyekN3REh3Q0J0UnJwRjZXZEpON3Y0eFJjdnNMc3dyWWVQZUpxc2N3M0NmVUVzb1J1V2k4NE5kVTdSQldXOVoxMnRLVmlyZGlxZGR0SC90QlhzYjJhIiwiZGF0YWtleSI6IkFRRUJBSGh3bTBZYUlTSmVSdEptNW4xRzZ1cWVla1h1b1hYUGU1VUZjZTlScTgvMTR3QUFBSDR3ZkFZSktvWklodmNOQVFjR29HOHdiUUlCQURCb0Jna3Foa2lHOXcwQkJ3RXdIZ1lKWUlaSUFXVURCQUV1TUJFRURHbGVIWGhQa0ZLQm80cXlwZ0lCRUlBN2FtQ1Nnb1NXaUJsTlVmbWJKZ2xiSWhRcTgrTGxwNVhFbHRRb2lrRUN1V1Z1Ymw0alY0Qnp1TGxHS2pFak5uU2xrSXNxM0RQLzlzNDRxUmc9IiwidmVyc2lvbiI6IjIiLCJ0eXBlIjoiREFUQV9LRVkiLCJleHBpcmF0aW9uIjoxNzQ3MTc1NTc2fQ==",
            "proxy_endpoint": "https://140023385240.dkr.ecr.us-east-1.amazonaws.com",
            "registry_id": null,
            "user_name": "AWS"
          },
          "sensitive_attributes": [
            [
              {
                "type": "get_attr",
                "value": "password"
              }
            ],
            [
              {
                "type": "get_attr",
                "value": "authorization_token"
              }
            ]
          ]
        }
      ]
    },
    {
      "mode": "managed",
      "type": "aws_acm_certificate",
      "name": "cert",
      "provider": "provider[\"registry.terraform.io/hashicorp/aws\"]",
      "instances": [
        {
          "schema_version": 0,
          "attributes": {
            "arn": "arn:aws:acm:us-east-1:140023385240:certificate/049a0eea-8ac0-47f8-9129-3807c31bd1c5",
            "certificate_authority_arn": "",
            "certificate_body": null,
            "certificate_chain": null,
            "domain_name": "humayunjawad.com",
            "domain_validation_options": [
              {
                "domain_name": "humayunjawad.com",
                "resource_record_name": "_bc8b60f2d06412bac63587406a9ed438.humayunjawad.com.",
                "resource_record_type": "CNAME",
                "resource_record_value": "_56f34a814420c108c829b81fe30d29cf.xlfgrmvvlj.acm-validations.aws."
              }
            ],
            "early_renewal_duration": "",
            "id": "arn:aws:acm:us-east-1:140023385240:certificate/049a0eea-8ac0-47f8-9129-3807c31bd1c5",
            "key_algorithm": "RSA_2048",
            "not_after": "2026-06-11T23:59:59Z",
            "not_before": "2025-05-13T00:00:00Z",
            "options": [
              {
                "certificate_transparency_logging_preference": "ENABLED"
              }
            ],
            "pending_renewal": false,
            "private_key": null,
            "renewal_eligibility": "INELIGIBLE",
            "renewal_summary": [],
            "status": "ISSUED",
            "subject_alternative_names": [
              "humayunjawad.com"
            ],
            "tags": {},
            "tags_all": {
              "created_by": "terraform"
            },
            "type": "AMAZON_ISSUED",
            "validation_emails": [],
            "validation_method": "DNS",
            "validation_option": []
          },
          "sensitive_attributes": [
            [
              {
                "type": "get_attr",
                "value": "private_key"
              }
            ]
          ],
          "private": "bnVsbA==",
          "create_before_destroy": true
        }
      ]
    },
    {
      "mode": "managed",
      "type": "aws_acm_certificate_validation",
      "name": "cert",
      "provider": "provider[\"registry.terraform.io/hashicorp/aws\"]",
      "instances": [
        {
          "schema_version": 0,
          "attributes": {
            "certificate_arn": "arn:aws:acm:us-east-1:140023385240:certificate/049a0eea-8ac0-47f8-9129-3807c31bd1c5",
            "id": "0001-01-01 00:00:00 +0000 UTC",
            "timeouts": null,
            "validation_record_fqdns": [
              "_bc8b60f2d06412bac63587406a9ed438.humayunjawad.com"
            ]
          },
          "sensitive_attributes": [],
          "private": "eyJlMmJmYjczMC1lY2FhLTExZTYtOGY4OC0zNDM2M2JjN2M0YzAiOnsiY3JlYXRlIjo0NTAwMDAwMDAwMDAwfX0=",
          "dependencies": [
            "aws_acm_certificate.cert",
            "aws_route53_record.cert_validation",
            "aws_route53_zone.primary"
          ]
        }
      ]
    },
    {
      "mode": "managed",
      "type": "aws_autoscaling_group",
      "name": "ecs_asg",
      "provider": "provider[\"registry.terraform.io/hashicorp/aws\"]",
      "instances": [
        {
          "schema_version": 1,
          "attributes": {
            "arn": "arn:aws:autoscaling:us-east-1:140023385240:autoScalingGroup:050e13b4-037b-40e2-8f59-bbf07b18b03e:autoScalingGroupName/next-app-asg",
            "availability_zone_distribution": [
              {
                "capacity_distribution_strategy": "balanced-best-effort"
              }
            ],
            "availability_zones": [
              "us-east-1a",
              "us-east-1b"
            ],
            "capacity_rebalance": false,
            "context": "",
            "default_cooldown": 300,
            "default_instance_warmup": 0,
            "desired_capacity": 1,
            "desired_capacity_type": "",
            "enabled_metrics": [],
            "force_delete": false,
            "force_delete_warm_pool": false,
            "health_check_grace_period": 300,
            "health_check_type": "EC2",
            "id": "next-app-asg",
            "ignore_failed_scaling_activities": false,
            "initial_lifecycle_hook": [],
            "instance_maintenance_policy": [],
            "instance_refresh": [],
            "launch_configuration": "",
            "launch_template": [
              {
                "id": "lt-0948844a92f4dd5b6",
                "name": "next-app-20250512140805475400000004",
                "version": "$Latest"
              }
            ],
            "load_balancers": [],
            "max_instance_lifetime": 0,
            "max_size": 3,
            "metrics_granularity": "1Minute",
            "min_elb_capacity": null,
            "min_size": 1,
            "mixed_instances_policy": [],
            "name": "next-app-asg",
            "name_prefix": "",
            "placement_group": "",
            "predicted_capacity": 0,
            "protect_from_scale_in": false,
            "service_linked_role_arn": "arn:aws:iam::140023385240:role/aws-service-role/autoscaling.amazonaws.com/AWSServiceRoleForAutoScaling",
            "suspended_processes": [],
            "tag": [
              {
                "key": "Name",
                "propagate_at_launch": true,
                "value": "next-app-ecs-instance"
              }
            ],
            "target_group_arns": [],
            "termination_policies": [],
            "timeouts": null,
            "traffic_source": [],
            "vpc_zone_identifier": [
              "subnet-0b549a20841de5eae",
              "subnet-0cf6b676f99309783"
            ],
            "wait_for_capacity_timeout": "10m",
            "wait_for_elb_capacity": null,
            "warm_pool": [],
            "warm_pool_size": 0
          },
          "sensitive_attributes": [],
          "private": "eyJlMmJmYjczMC1lY2FhLTExZTYtOGY4OC0zNDM2M2JjN2M0YzAiOnsiZGVsZXRlIjo2MDAwMDAwMDAwMDAsInVwZGF0ZSI6NjAwMDAwMDAwMDAwfSwic2NoZW1hX3ZlcnNpb24iOiIxIn0=",
          "dependencies": [
            "aws_ecs_cluster.main",
            "aws_iam_instance_profile.ecs_instance_profile",
            "aws_iam_role.ecs_instance_role",
            "aws_launch_template.ecs_launch_template",
            "aws_security_group.ecs_tasks",
            "aws_security_group.lb",
            "aws_subnet.public_a",
            "aws_subnet.public_b",
            "aws_vpc.main",
            "data.aws_ami.amazon_linux_ecs"
          ]
        }
      ]
    },
    {
      "mode": "managed",
      "type": "aws_cloudwatch_log_group",
      "name": "app_logs",
      "provider": "provider[\"registry.terraform.io/hashicorp/aws\"]",
      "instances": [
        {
          "schema_version": 0,
          "attributes": {
            "arn": "arn:aws:logs:us-east-1:140023385240:log-group:/ecs/next-app",
            "id": "/ecs/next-app",
            "kms_key_id": "",
            "log_group_class": "STANDARD",
            "name": "/ecs/next-app",
            "name_prefix": "",
            "retention_in_days": 30,
            "skip_destroy": false,
            "tags": {},
            "tags_all": {
              "created_by": "terraform"
            }
          },
          "sensitive_attributes": [],
          "private": "bnVsbA=="
        }
      ]
    },
    {
      "mode": "managed",
      "type": "aws_ecr_repository",
      "name": "app_ecr_repo",
      "provider": "provider[\"registry.terraform.io/hashicorp/aws\"]",
      "instances": [
        {
          "schema_version": 0,
          "attributes": {
            "arn": "arn:aws:ecr:us-east-1:140023385240:repository/next-app",
            "encryption_configuration": [
              {
                "encryption_type": "AES256",
                "kms_key": ""
              }
            ],
            "force_delete": null,
            "id": "next-app",
            "image_scanning_configuration": [
              {
                "scan_on_push": true
              }
            ],
            "image_tag_mutability": "MUTABLE",
            "name": "next-app",
            "registry_id": "140023385240",
            "repository_url": "140023385240.dkr.ecr.us-east-1.amazonaws.com/next-app",
            "tags": {},
            "tags_all": {
              "created_by": "terraform"
            },
            "timeouts": null
          },
          "sensitive_attributes": [],
          "private": "eyJlMmJmYjczMC1lY2FhLTExZTYtOGY4OC0zNDM2M2JjN2M0YzAiOnsiZGVsZXRlIjoxMjAwMDAwMDAwMDAwfX0="
        }
      ]
    },
    {
      "mode": "managed",
      "type": "aws_ecs_capacity_provider",
      "name": "ecs_cp",
      "provider": "provider[\"registry.terraform.io/hashicorp/aws\"]",
      "instances": [
        {
          "schema_version": 0,
          "attributes": {
            "arn": "arn:aws:ecs:us-east-1:140023385240:capacity-provider/next-app-capacity-provider",
            "auto_scaling_group_provider": [
              {
                "auto_scaling_group_arn": "arn:aws:autoscaling:us-east-1:140023385240:autoScalingGroup:050e13b4-037b-40e2-8f59-bbf07b18b03e:autoScalingGroupName/next-app-asg",
                "managed_draining": "ENABLED",
                "managed_scaling": [
                  {
                    "instance_warmup_period": 0,
                    "maximum_scaling_step_size": 1000,
                    "minimum_scaling_step_size": 1,
                    "status": "ENABLED",
                    "target_capacity": 100
                  }
                ],
                "managed_termination_protection": "DISABLED"
              }
            ],
            "id": "arn:aws:ecs:us-east-1:140023385240:capacity-provider/next-app-capacity-provider",
            "name": "next-app-capacity-provider",
            "tags": {},
            "tags_all": {
              "created_by": "terraform"
            }
          },
          "sensitive_attributes": [],
          "private": "bnVsbA==",
          "dependencies": [
            "aws_autoscaling_group.ecs_asg",
            "aws_ecs_cluster.main",
            "aws_iam_instance_profile.ecs_instance_profile",
            "aws_iam_role.ecs_instance_role",
            "aws_launch_template.ecs_launch_template",
            "aws_security_group.ecs_tasks",
            "aws_security_group.lb",
            "aws_subnet.public_a",
            "aws_subnet.public_b",
            "aws_vpc.main",
            "data.aws_ami.amazon_linux_ecs"
          ]
        }
      ]
    },
    {
      "mode": "managed",
      "type": "aws_ecs_cluster",
      "name": "main",
      "provider": "provider[\"registry.terraform.io/hashicorp/aws\"]",
      "instances": [
        {
          "schema_version": 0,
          "attributes": {
            "arn": "arn:aws:ecs:us-east-1:140023385240:cluster/next-app-cluster",
            "configuration": [],
            "id": "arn:aws:ecs:us-east-1:140023385240:cluster/next-app-cluster",
            "name": "next-app-cluster",
            "service_connect_defaults": [],
            "setting": [
              {
                "name": "containerInsights",
                "value": "disabled"
              }
            ],
            "tags": {},
            "tags_all": {
              "created_by": "terraform"
            }
          },
          "sensitive_attributes": [],
          "private": "bnVsbA==",
          "create_before_destroy": true
        }
      ]
    },
    {
      "mode": "managed",
      "type": "aws_ecs_cluster_capacity_providers",
      "name": "ecs_cp_attach",
      "provider": "provider[\"registry.terraform.io/hashicorp/aws\"]",
      "instances": [
        {
          "schema_version": 0,
          "attributes": {
            "capacity_providers": [
              "next-app-capacity-provider"
            ],
            "cluster_name": "next-app-cluster",
            "default_capacity_provider_strategy": [
              {
                "base": 0,
                "capacity_provider": "next-app-capacity-provider",
                "weight": 1
              }
            ],
            "id": "next-app-cluster"
          },
          "sensitive_attributes": [],
          "private": "bnVsbA==",
          "dependencies": [
            "aws_autoscaling_group.ecs_asg",
            "aws_ecs_capacity_provider.ecs_cp",
            "aws_ecs_cluster.main",
            "aws_iam_instance_profile.ecs_instance_profile",
            "aws_iam_role.ecs_instance_role",
            "aws_launch_template.ecs_launch_template",
            "aws_security_group.ecs_tasks",
            "aws_security_group.lb",
            "aws_subnet.public_a",
            "aws_subnet.public_b",
            "aws_vpc.main",
            "data.aws_ami.amazon_linux_ecs"
          ]
        }
      ]
    },
    {
      "mode": "managed",
      "type": "aws_ecs_service",
      "name": "app",
      "provider": "provider[\"registry.terraform.io/hashicorp/aws\"]",
      "instances": [
        {
          "schema_version": 1,
          "attributes": {
            "alarms": [],
            "availability_zone_rebalancing": "DISABLED",
            "capacity_provider_strategy": [
              {
                "base": 0,
                "capacity_provider": "next-app-capacity-provider",
                "weight": 1
              }
            ],
            "cluster": "arn:aws:ecs:us-east-1:140023385240:cluster/next-app-cluster",
            "deployment_circuit_breaker": [
              {
                "enable": true,
                "rollback": true
              }
            ],
            "deployment_controller": [
              {
                "type": "ECS"
              }
            ],
            "deployment_maximum_percent": 200,
            "deployment_minimum_healthy_percent": 100,
            "desired_count": 1,
            "enable_ecs_managed_tags": false,
            "enable_execute_command": false,
            "force_delete": null,
            "force_new_deployment": null,
            "health_check_grace_period_seconds": 300,
            "iam_role": "/aws-service-role/ecs.amazonaws.com/AWSServiceRoleForECS",
            "id": "arn:aws:ecs:us-east-1:140023385240:service/next-app-cluster/next-app-service",
            "launch_type": "",
            "load_balancer": [
              {
                "container_name": "next-app",
                "container_port": 3000,
                "elb_name": "",
                "target_group_arn": "arn:aws:elasticloadbalancing:us-east-1:140023385240:targetgroup/next-app-tg/dc329d2e12147cb5"
              }
            ],
            "name": "next-app-service",
            "network_configuration": [
              {
                "assign_public_ip": false,
                "security_groups": [
                  "sg-0e9be45d6d601c7fe"
                ],
                "subnets": [
                  "subnet-0b549a20841de5eae",
                  "subnet-0cf6b676f99309783"
                ]
              }
            ],
            "ordered_placement_strategy": [],
            "placement_constraints": [],
            "platform_version": "",
            "propagate_tags": "NONE",
            "scheduling_strategy": "REPLICA",
            "service_connect_configuration": [],
            "service_registries": [],
            "tags": {},
            "tags_all": {
              "created_by": "terraform"
            },
            "task_definition": "arn:aws:ecs:us-east-1:140023385240:task-definition/next-app:9",
            "timeouts": null,
            "triggers": {},
            "volume_configuration": [],
            "vpc_lattice_configurations": [],
            "wait_for_steady_state": false
          },
          "sensitive_attributes": [],
          "private": "eyJlMmJmYjczMC1lY2FhLTExZTYtOGY4OC0zNDM2M2JjN2M0YzAiOnsiY3JlYXRlIjoxMjAwMDAwMDAwMDAwLCJkZWxldGUiOjEyMDAwMDAwMDAwMDAsInVwZGF0ZSI6MTIwMDAwMDAwMDAwMH0sInNjaGVtYV92ZXJzaW9uIjoiMSJ9",
          "dependencies": [
            "aws_acm_certificate.cert",
            "aws_autoscaling_group.ecs_asg",
            "aws_ecr_repository.app_ecr_repo",
            "aws_ecs_capacity_provider.ecs_cp",
            "aws_ecs_cluster.main",
            "aws_ecs_task_definition.app",
            "aws_iam_instance_profile.ecs_instance_profile",
            "aws_iam_role.ecs_instance_role",
            "aws_iam_role.ecs_task_execution_role",
            "aws_launch_template.ecs_launch_template",
            "aws_lb.main",
            "aws_lb_listener.http",
            "aws_lb_target_group.app",
            "aws_security_group.ecs_tasks",
            "aws_security_group.lb",
            "aws_subnet.public_a",
            "aws_subnet.public_b",
            "aws_vpc.main",
            "data.aws_ami.amazon_linux_ecs",
            "null_resource.docker_build"
          ]
        }
      ]
    },
    {
      "mode": "managed",
      "type": "aws_ecs_task_definition",
      "name": "app",
      "provider": "provider[\"registry.terraform.io/hashicorp/aws\"]",
      "instances": [
        {
          "schema_version": 1,
          "attributes": {
            "arn": "arn:aws:ecs:us-east-1:140023385240:task-definition/next-app:9",
            "arn_without_revision": "arn:aws:ecs:us-east-1:140023385240:task-definition/next-app",
            "container_definitions": "[{\"environment\":[{\"name\":\"NODE_ENV\",\"value\":\"production\"},{\"name\":\"PORT\",\"value\":\"3000\"}],\"essential\":true,\"healthCheck\":{\"command\":[\"CMD-SHELL\",\"wget --no-verbose --tries=1 --spider http://localhost:3000/api/health || exit 1\"],\"interval\":30,\"retries\":3,\"startPeriod\":60,\"timeout\":5},\"image\":\"140023385240.dkr.ecr.us-east-1.amazonaws.com/next-app:latest\",\"logConfiguration\":{\"logDriver\":\"awslogs\",\"options\":{\"awslogs-stream-prefix\":\"ecs\",\"awslogs-group\":\"/ecs/next-app\",\"awslogs-region\":\"us-east-1\"}},\"memory\":512,\"memoryReservation\":256,\"mountPoints\":[],\"name\":\"next-app\",\"portMappings\":[{\"containerPort\":3000,\"hostPort\":3000,\"protocol\":\"tcp\"}],\"systemControls\":[],\"volumesFrom\":[]}]",
            "cpu": "256",
            "enable_fault_injection": false,
            "ephemeral_storage": [],
            "execution_role_arn": "arn:aws:iam::140023385240:role/next-app-ecs-execution-role",
            "family": "next-app",
            "id": "next-app",
            "inference_accelerator": [],
            "ipc_mode": "",
            "memory": "512",
            "network_mode": "awsvpc",
            "pid_mode": "",
            "placement_constraints": [],
            "proxy_configuration": [],
            "requires_compatibilities": [
              "EC2"
            ],
            "revision": 9,
            "runtime_platform": [],
            "skip_destroy": false,
            "tags": {},
            "tags_all": {
              "created_by": "terraform"
            },
            "task_role_arn": "",
            "track_latest": false,
            "volume": []
          },
          "sensitive_attributes": [],
          "private": "eyJzY2hlbWFfdmVyc2lvbiI6IjEifQ==",
          "dependencies": [
            "aws_ecr_repository.app_ecr_repo",
            "aws_iam_role.ecs_task_execution_role",
            "null_resource.docker_build"
          ]
        }
      ]
    },
    {
      "mode": "managed",
      "type": "aws_iam_instance_profile",
      "name": "ecs_instance_profile",
      "provider": "provider[\"registry.terraform.io/hashicorp/aws\"]",
      "instances": [
        {
          "schema_version": 0,
          "attributes": {
            "arn": "arn:aws:iam::140023385240:instance-profile/next-app-ecs-instance-profile",
            "create_date": "2025-05-12T14:07:37Z",
            "id": "next-app-ecs-instance-profile",
            "name": "next-app-ecs-instance-profile",
            "name_prefix": "",
            "path": "/",
            "role": "next-app-ecs-instance-role",
            "tags": {},
            "tags_all": {
              "created_by": "terraform"
            },
            "unique_id": "AIPASBGQLJSMHM6PKOHYH"
          },
          "sensitive_attributes": [],
          "private": "bnVsbA==",
          "dependencies": [
            "aws_iam_role.ecs_instance_role"
          ],
          "create_before_destroy": true
        }
      ]
    },
    {
      "mode": "managed",
      "type": "aws_iam_role",
      "name": "ecs_instance_role",
      "provider": "provider[\"registry.terraform.io/hashicorp/aws\"]",
      "instances": [
        {
          "schema_version": 0,
          "attributes": {
            "arn": "arn:aws:iam::140023385240:role/next-app-ecs-instance-role",
            "assume_role_policy": "{\"Statement\":[{\"Action\":\"sts:AssumeRole\",\"Effect\":\"Allow\",\"Principal\":{\"Service\":\"ec2.amazonaws.com\"}}],\"Version\":\"2012-10-17\"}",
            "create_date": "2025-05-12T14:07:35Z",
            "description": "",
            "force_detach_policies": false,
            "id": "next-app-ecs-instance-role",
            "inline_policy": [],
            "managed_policy_arns": [
              "arn:aws:iam::aws:policy/service-role/AmazonEC2ContainerServiceforEC2Role"
            ],
            "max_session_duration": 3600,
            "name": "next-app-ecs-instance-role",
            "name_prefix": "",
            "path": "/",
            "permissions_boundary": "",
            "tags": {},
            "tags_all": {
              "created_by": "terraform"
            },
            "unique_id": "AROASBGQLJSME2VAZB7YS"
          },
          "sensitive_attributes": [],
          "private": "bnVsbA==",
          "create_before_destroy": true
        }
      ]
    },
    {
      "mode": "managed",
      "type": "aws_iam_role",
      "name": "ecs_task_execution_role",
      "provider": "provider[\"registry.terraform.io/hashicorp/aws\"]",
      "instances": [
        {
          "schema_version": 0,
          "attributes": {
            "arn": "arn:aws:iam::140023385240:role/next-app-ecs-execution-role",
            "assume_role_policy": "{\"Statement\":[{\"Action\":\"sts:AssumeRole\",\"Effect\":\"Allow\",\"Principal\":{\"Service\":\"ecs-tasks.amazonaws.com\"}}],\"Version\":\"2012-10-17\"}",
            "create_date": "2025-05-12T14:07:35Z",
            "description": "",
            "force_detach_policies": false,
            "id": "next-app-ecs-execution-role",
            "inline_policy": [],
            "managed_policy_arns": [
              "arn:aws:iam::aws:policy/service-role/AmazonECSTaskExecutionRolePolicy"
            ],
            "max_session_duration": 3600,
            "name": "next-app-ecs-execution-role",
            "name_prefix": "",
            "path": "/",
            "permissions_boundary": "",
            "tags": {},
            "tags_all": {
              "created_by": "terraform"
            },
            "unique_id": "AROASBGQLJSML5NTSN7HY"
          },
          "sensitive_attributes": [],
          "private": "bnVsbA=="
        }
      ]
    },
    {
      "mode": "managed",
      "type": "aws_iam_role_policy_attachment",
      "name": "ecs_instance_role_policy",
      "provider": "provider[\"registry.terraform.io/hashicorp/aws\"]",
      "instances": [
        {
          "schema_version": 0,
          "attributes": {
            "id": "next-app-ecs-instance-role-20250512140737729100000002",
            "policy_arn": "arn:aws:iam::aws:policy/service-role/AmazonEC2ContainerServiceforEC2Role",
            "role": "next-app-ecs-instance-role"
          },
          "sensitive_attributes": [],
          "private": "bnVsbA==",
          "dependencies": [
            "aws_iam_role.ecs_instance_role"
          ]
        }
      ]
    },
    {
      "mode": "managed",
      "type": "aws_iam_role_policy_attachment",
      "name": "ecs_task_execution_role_policy",
      "provider": "provider[\"registry.terraform.io/hashicorp/aws\"]",
      "instances": [
        {
          "schema_version": 0,
          "attributes": {
            "id": "next-app-ecs-execution-role-20250512140737427600000001",
            "policy_arn": "arn:aws:iam::aws:policy/service-role/AmazonECSTaskExecutionRolePolicy",
            "role": "next-app-ecs-execution-role"
          },
          "sensitive_attributes": [],
          "private": "bnVsbA==",
          "dependencies": [
            "aws_iam_role.ecs_task_execution_role"
          ]
        }
      ]
    },
    {
      "mode": "managed",
      "type": "aws_internet_gateway",
      "name": "gw",
      "provider": "provider[\"registry.terraform.io/hashicorp/aws\"]",
      "instances": [
        {
          "schema_version": 0,
          "attributes": {
            "arn": "arn:aws:ec2:us-east-1:140023385240:internet-gateway/igw-0a99c2e7266f888df",
            "id": "igw-0a99c2e7266f888df",
            "owner_id": "140023385240",
            "tags": {
              "Name": "next-app-igw"
            },
            "tags_all": {
              "Name": "next-app-igw",
              "created_by": "terraform"
            },
            "timeouts": null,
            "vpc_id": "vpc-0d3cb79f850d38fa6"
          },
          "sensitive_attributes": [],
          "private": "eyJlMmJmYjczMC1lY2FhLTExZTYtOGY4OC0zNDM2M2JjN2M0YzAiOnsiY3JlYXRlIjoxMjAwMDAwMDAwMDAwLCJkZWxldGUiOjEyMDAwMDAwMDAwMDAsInVwZGF0ZSI6MTIwMDAwMDAwMDAwMH19",
          "dependencies": [
            "aws_vpc.main"
          ]
        }
      ]
    },
    {
      "mode": "managed",
      "type": "aws_launch_template",
      "name": "ecs_launch_template",
      "provider": "provider[\"registry.terraform.io/hashicorp/aws\"]",
      "instances": [
        {
          "schema_version": 0,
          "attributes": {
            "arn": "arn:aws:ec2:us-east-1:140023385240:launch-template/lt-0948844a92f4dd5b6",
            "block_device_mappings": [],
            "capacity_reservation_specification": [],
            "cpu_options": [],
            "credit_specification": [],
            "default_version": 1,
            "description": "",
            "disable_api_stop": false,
            "disable_api_termination": false,
            "ebs_optimized": "",
            "elastic_gpu_specifications": [],
            "elastic_inference_accelerator": [],
            "enclave_options": [],
            "hibernation_options": [],
            "iam_instance_profile": [
              {
                "arn": "",
                "name": "next-app-ecs-instance-profile"
              }
            ],
            "id": "lt-0948844a92f4dd5b6",
            "image_id": "ami-04596cea465c34ae4",
            "instance_initiated_shutdown_behavior": "",
            "instance_market_options": [],
            "instance_requirements": [],
            "instance_type": "t3.micro",
            "kernel_id": "",
            "key_name": "",
            "latest_version": 1,
            "license_specification": [],
            "maintenance_options": [],
            "metadata_options": [],
            "monitoring": [],
            "name": "next-app-20250512140805475400000004",
            "name_prefix": "next-app-",
            "network_interfaces": [],
            "placement": [],
            "private_dns_name_options": [],
            "ram_disk_id": "",
            "security_group_names": [],
            "tag_specifications": [],
            "tags": {},
            "tags_all": {
              "created_by": "terraform"
            },
            "update_default_version": null,
            "user_data": "IyEvYmluL2Jhc2gKZWNobyBFQ1NfQ0xVU1RFUj1uZXh0LWFwcC1jbHVzdGVyID4+IC9ldGMvZWNzL2Vjcy5jb25maWcK",
            "vpc_security_group_ids": [
              "sg-0e9be45d6d601c7fe"
            ]
          },
          "sensitive_attributes": [],
          "private": "bnVsbA==",
          "dependencies": [
            "aws_ecs_cluster.main",
            "aws_iam_instance_profile.ecs_instance_profile",
            "aws_iam_role.ecs_instance_role",
            "aws_security_group.ecs_tasks",
            "aws_security_group.lb",
            "aws_vpc.main",
            "data.aws_ami.amazon_linux_ecs"
          ],
          "create_before_destroy": true
        }
      ]
    },
    {
      "mode": "managed",
      "type": "aws_lb",
      "name": "main",
      "provider": "provider[\"registry.terraform.io/hashicorp/aws\"]",
      "instances": [
        {
          "schema_version": 0,
          "attributes": {
            "access_logs": [
              {
                "bucket": "",
                "enabled": false,
                "prefix": ""
              }
            ],
            "arn": "arn:aws:elasticloadbalancing:us-east-1:140023385240:loadbalancer/app/next-app-alb/48528c7b67402fec",
            "arn_suffix": "app/next-app-alb/48528c7b67402fec",
            "client_keep_alive": 3600,
            "connection_logs": [
              {
                "bucket": "",
                "enabled": false,
                "prefix": ""
              }
            ],
            "customer_owned_ipv4_pool": "",
            "desync_mitigation_mode": "defensive",
            "dns_name": "next-app-alb-1099024075.us-east-1.elb.amazonaws.com",
            "dns_record_client_routing_policy": null,
            "drop_invalid_header_fields": false,
            "enable_cross_zone_load_balancing": true,
            "enable_deletion_protection": false,
            "enable_http2": true,
            "enable_tls_version_and_cipher_suite_headers": false,
            "enable_waf_fail_open": false,
            "enable_xff_client_port": false,
            "enable_zonal_shift": false,
            "enforce_security_group_inbound_rules_on_private_link_traffic": "",
            "id": "arn:aws:elasticloadbalancing:us-east-1:140023385240:loadbalancer/app/next-app-alb/48528c7b67402fec",
            "idle_timeout": 60,
            "internal": false,
            "ip_address_type": "ipv4",
            "ipam_pools": [],
            "load_balancer_type": "application",
            "name": "next-app-alb",
            "name_prefix": "",
            "preserve_host_header": false,
            "security_groups": [
              "sg-0c1e38ae5080fd653"
            ],
            "subnet_mapping": [
              {
                "allocation_id": "",
                "ipv6_address": "",
                "outpost_id": "",
                "private_ipv4_address": "",
                "subnet_id": "subnet-0b549a20841de5eae"
              },
              {
                "allocation_id": "",
                "ipv6_address": "",
                "outpost_id": "",
                "private_ipv4_address": "",
                "subnet_id": "subnet-0cf6b676f99309783"
              }
            ],
            "subnets": [
              "subnet-0b549a20841de5eae",
              "subnet-0cf6b676f99309783"
            ],
            "tags": {},
            "tags_all": {
              "created_by": "terraform"
            },
            "timeouts": null,
            "vpc_id": "vpc-0d3cb79f850d38fa6",
            "xff_header_processing_mode": "append",
            "zone_id": "Z35SXDOTRQ7X7K"
          },
          "sensitive_attributes": [],
          "private": "eyJlMmJmYjczMC1lY2FhLTExZTYtOGY4OC0zNDM2M2JjN2M0YzAiOnsiY3JlYXRlIjo2MDAwMDAwMDAwMDAsImRlbGV0ZSI6NjAwMDAwMDAwMDAwLCJ1cGRhdGUiOjYwMDAwMDAwMDAwMH19",
          "dependencies": [
            "aws_security_group.lb",
            "aws_subnet.public_a",
            "aws_subnet.public_b",
            "aws_vpc.main"
          ]
        }
      ]
    },
    {
      "mode": "managed",
      "type": "aws_lb_listener",
      "name": "http",
      "provider": "provider[\"registry.terraform.io/hashicorp/aws\"]",
      "instances": [
        {
          "schema_version": 0,
          "attributes": {
            "alpn_policy": null,
            "arn": "arn:aws:elasticloadbalancing:us-east-1:140023385240:listener/app/next-app-alb/48528c7b67402fec/a2c4c4be7b886e0d",
            "certificate_arn": "arn:aws:acm:us-east-1:140023385240:certificate/049a0eea-8ac0-47f8-9129-3807c31bd1c5",
            "default_action": [
              {
                "authenticate_cognito": [],
                "authenticate_oidc": [],
                "fixed_response": [],
                "forward": [],
                "order": 1,
                "redirect": [],
                "target_group_arn": "arn:aws:elasticloadbalancing:us-east-1:140023385240:targetgroup/next-app-tg/dc329d2e12147cb5",
                "type": "forward"
              }
            ],
            "id": "arn:aws:elasticloadbalancing:us-east-1:140023385240:listener/app/next-app-alb/48528c7b67402fec/a2c4c4be7b886e0d",
            "load_balancer_arn": "arn:aws:elasticloadbalancing:us-east-1:140023385240:loadbalancer/app/next-app-alb/48528c7b67402fec",
            "mutual_authentication": [],
            "port": 80,
            "protocol": "HTTP",
            "routing_http_request_x_amzn_mtls_clientcert_header_name": null,
            "routing_http_request_x_amzn_mtls_clientcert_issuer_header_name": null,
            "routing_http_request_x_amzn_mtls_clientcert_leaf_header_name": null,
            "routing_http_request_x_amzn_mtls_clientcert_serial_number_header_name": null,
            "routing_http_request_x_amzn_mtls_clientcert_subject_header_name": null,
            "routing_http_request_x_amzn_mtls_clientcert_validity_header_name": null,
            "routing_http_request_x_amzn_tls_cipher_suite_header_name": null,
            "routing_http_request_x_amzn_tls_version_header_name": null,
            "routing_http_response_access_control_allow_credentials_header_value": "",
            "routing_http_response_access_control_allow_headers_header_value": "",
            "routing_http_response_access_control_allow_methods_header_value": "",
            "routing_http_response_access_control_allow_origin_header_value": "",
            "routing_http_response_access_control_expose_headers_header_value": "",
            "routing_http_response_access_control_max_age_header_value": "",
            "routing_http_response_content_security_policy_header_value": "",
            "routing_http_response_server_enabled": false,
            "routing_http_response_strict_transport_security_header_value": "",
            "routing_http_response_x_content_type_options_header_value": "",
            "routing_http_response_x_frame_options_header_value": "",
            "ssl_policy": "",
            "tags": {},
            "tags_all": {
              "created_by": "terraform"
            },
            "tcp_idle_timeout_seconds": null,
            "timeouts": null
          },
          "sensitive_attributes": [],
          "private": "eyJlMmJmYjczMC1lY2FhLTExZTYtOGY4OC0zNDM2M2JjN2M0YzAiOnsiY3JlYXRlIjozMDAwMDAwMDAwMDAsInVwZGF0ZSI6MzAwMDAwMDAwMDAwfX0=",
          "dependencies": [
            "aws_acm_certificate.cert",
            "aws_lb.main",
            "aws_lb_target_group.app",
            "aws_security_group.lb",
            "aws_subnet.public_a",
            "aws_subnet.public_b",
            "aws_vpc.main"
          ]
        }
      ]
    },
    {
      "mode": "managed",
      "type": "aws_lb_target_group",
      "name": "app",
      "provider": "provider[\"registry.terraform.io/hashicorp/aws\"]",
      "instances": [
        {
          "schema_version": 0,
          "attributes": {
            "arn": "arn:aws:elasticloadbalancing:us-east-1:140023385240:targetgroup/next-app-tg/dc329d2e12147cb5",
            "arn_suffix": "targetgroup/next-app-tg/dc329d2e12147cb5",
            "connection_termination": null,
            "deregistration_delay": "120",
            "health_check": [
              {
                "enabled": true,
                "healthy_threshold": 2,
                "interval": 30,
                "matcher": "200-399",
                "path": "/api/health",
                "port": "traffic-port",
                "protocol": "HTTP",
                "timeout": 10,
                "unhealthy_threshold": 5
              }
            ],
            "id": "arn:aws:elasticloadbalancing:us-east-1:140023385240:targetgroup/next-app-tg/dc329d2e12147cb5",
            "ip_address_type": "ipv4",
            "lambda_multi_value_headers_enabled": false,
            "load_balancer_arns": [
              "arn:aws:elasticloadbalancing:us-east-1:140023385240:loadbalancer/app/next-app-alb/48528c7b67402fec"
            ],
            "load_balancing_algorithm_type": "round_robin",
            "load_balancing_anomaly_mitigation": "off",
            "load_balancing_cross_zone_enabled": "use_load_balancer_configuration",
            "name": "next-app-tg",
            "name_prefix": "",
            "port": 3000,
            "preserve_client_ip": null,
            "protocol": "HTTP",
            "protocol_version": "HTTP1",
            "proxy_protocol_v2": false,
            "slow_start": 0,
            "stickiness": [
              {
                "cookie_duration": 86400,
                "cookie_name": "",
                "enabled": false,
                "type": "lb_cookie"
              }
            ],
            "tags": {},
            "tags_all": {
              "created_by": "terraform"
            },
            "target_failover": [
              {
                "on_deregistration": null,
                "on_unhealthy": null
              }
            ],
            "target_group_health": [
              {
                "dns_failover": [
                  {
                    "minimum_healthy_targets_count": "1",
                    "minimum_healthy_targets_percentage": "off"
                  }
                ],
                "unhealthy_state_routing": [
                  {
                    "minimum_healthy_targets_count": 1,
                    "minimum_healthy_targets_percentage": "off"
                  }
                ]
              }
            ],
            "target_health_state": [
              {
                "enable_unhealthy_connection_termination": null,
                "unhealthy_draining_interval": null
              }
            ],
            "target_type": "ip",
            "vpc_id": "vpc-0d3cb79f850d38fa6"
          },
          "sensitive_attributes": [],
          "private": "bnVsbA==",
          "dependencies": [
            "aws_vpc.main"
          ]
        }
      ]
    },
    {
      "mode": "managed",
      "type": "aws_route53_record",
      "name": "cert_validation",
      "provider": "provider[\"registry.terraform.io/hashicorp/aws\"]",
      "instances": [
        {
          "schema_version": 2,
          "attributes": {
            "alias": [],
            "allow_overwrite": null,
            "cidr_routing_policy": [],
            "failover_routing_policy": [],
            "fqdn": "_bc8b60f2d06412bac63587406a9ed438.humayunjawad.com",
            "geolocation_routing_policy": [],
            "geoproximity_routing_policy": [],
            "health_check_id": "",
            "id": "Z00625403O58FD4KOCVSQ__bc8b60f2d06412bac63587406a9ed438.humayunjawad.com._CNAME",
            "latency_routing_policy": [],
            "multivalue_answer_routing_policy": false,
            "name": "_bc8b60f2d06412bac63587406a9ed438.humayunjawad.com",
            "records": [
              "_56f34a814420c108c829b81fe30d29cf.xlfgrmvvlj.acm-validations.aws."
            ],
            "set_identifier": "",
            "timeouts": null,
            "ttl": 60,
            "type": "CNAME",
            "weighted_routing_policy": [],
            "zone_id": "Z00625403O58FD4KOCVSQ"
          },
          "sensitive_attributes": [],
          "private": "eyJlMmJmYjczMC1lY2FhLTExZTYtOGY4OC0zNDM2M2JjN2M0YzAiOnsiY3JlYXRlIjoxODAwMDAwMDAwMDAwLCJkZWxldGUiOjE4MDAwMDAwMDAwMDAsInVwZGF0ZSI6MTgwMDAwMDAwMDAwMH0sInNjaGVtYV92ZXJzaW9uIjoiMiJ9",
          "dependencies": [
            "aws_acm_certificate.cert",
            "aws_route53_zone.primary"
          ]
        }
      ]
    },
    {
      "mode": "managed",
      "type": "aws_route53_record",
      "name": "http",
      "provider": "provider[\"registry.terraform.io/hashicorp/aws\"]",
      "instances": [
        {
          "schema_version": 2,
          "attributes": {
            "alias": [
              {
                "evaluate_target_health": true,
                "name": "next-app-alb-1099024075.us-east-1.elb.amazonaws.com",
                "zone_id": "Z35SXDOTRQ7X7K"
              }
            ],
            "allow_overwrite": null,
            "cidr_routing_policy": [],
            "failover_routing_policy": [],
            "fqdn": "humayunjawad.com",
            "geolocation_routing_policy": [],
            "geoproximity_routing_policy": [],
            "health_check_id": "",
            "id": "Z00625403O58FD4KOCVSQ_humayunjawad.com_A",
            "latency_routing_policy": [],
            "multivalue_answer_routing_policy": false,
            "name": "humayunjawad.com",
            "records": [],
            "set_identifier": "",
            "timeouts": null,
            "ttl": 0,
            "type": "A",
            "weighted_routing_policy": [],
            "zone_id": "Z00625403O58FD4KOCVSQ"
          },
          "sensitive_attributes": [],
          "private": "eyJlMmJmYjczMC1lY2FhLTExZTYtOGY4OC0zNDM2M2JjN2M0YzAiOnsiY3JlYXRlIjoxODAwMDAwMDAwMDAwLCJkZWxldGUiOjE4MDAwMDAwMDAwMDAsInVwZGF0ZSI6MTgwMDAwMDAwMDAwMH0sInNjaGVtYV92ZXJzaW9uIjoiMiJ9",
          "dependencies": [
            "aws_lb.main",
            "aws_route53_zone.primary",
            "aws_security_group.lb",
            "aws_subnet.public_a",
            "aws_subnet.public_b",
            "aws_vpc.main"
          ]
        }
      ]
    },
    {
      "mode": "managed",
      "type": "aws_route53_record",
      "name": "www",
      "provider": "provider[\"registry.terraform.io/hashicorp/aws\"]",
      "instances": [
        {
          "schema_version": 2,
          "attributes": {
            "alias": [
              {
                "evaluate_target_health": true,
                "name": "next-app-alb-1099024075.us-east-1.elb.amazonaws.com",
                "zone_id": "Z35SXDOTRQ7X7K"
              }
            ],
            "allow_overwrite": null,
            "cidr_routing_policy": [],
            "failover_routing_policy": [],
            "fqdn": "www.humayunjawad.com",
            "geolocation_routing_policy": [],
            "geoproximity_routing_policy": [],
            "health_check_id": "",
            "id": "Z00625403O58FD4KOCVSQ_www.humayunjawad.com_A",
            "latency_routing_policy": [],
            "multivalue_answer_routing_policy": false,
            "name": "www.humayunjawad.com",
            "records": [],
            "set_identifier": "",
            "timeouts": null,
            "ttl": 0,
            "type": "A",
            "weighted_routing_policy": [],
            "zone_id": "Z00625403O58FD4KOCVSQ"
          },
          "sensitive_attributes": [],
          "private": "eyJlMmJmYjczMC1lY2FhLTExZTYtOGY4OC0zNDM2M2JjN2M0YzAiOnsiY3JlYXRlIjoxODAwMDAwMDAwMDAwLCJkZWxldGUiOjE4MDAwMDAwMDAwMDAsInVwZGF0ZSI6MTgwMDAwMDAwMDAwMH0sInNjaGVtYV92ZXJzaW9uIjoiMiJ9",
          "dependencies": [
            "aws_lb.main",
            "aws_route53_zone.primary",
            "aws_security_group.lb",
            "aws_subnet.public_a",
            "aws_subnet.public_b",
            "aws_vpc.main"
          ]
        }
      ]
    },
    {
      "mode": "managed",
      "type": "aws_route53_zone",
      "name": "primary",
      "provider": "provider[\"registry.terraform.io/hashicorp/aws\"]",
      "instances": [
        {
          "schema_version": 0,
          "attributes": {
            "arn": "arn:aws:route53:::hostedzone/Z00625403O58FD4KOCVSQ",
            "comment": "Managed by Terraform",
            "delegation_set_id": "",
            "force_destroy": false,
            "id": "Z00625403O58FD4KOCVSQ",
            "name": "humayunjawad.com",
            "name_servers": [
              "ns-1154.awsdns-16.org",
              "ns-2031.awsdns-61.co.uk",
              "ns-827.awsdns-39.net",
              "ns-95.awsdns-11.com"
            ],
            "primary_name_server": "ns-2031.awsdns-61.co.uk",
            "tags": {},
            "tags_all": {
              "created_by": "terraform"
            },
            "timeouts": null,
            "vpc": [],
            "zone_id": "Z00625403O58FD4KOCVSQ"
          },
          "sensitive_attributes": [],
          "private": "eyJlMmJmYjczMC1lY2FhLTExZTYtOGY4OC0zNDM2M2JjN2M0YzAiOnsiY3JlYXRlIjoxODAwMDAwMDAwMDAwLCJkZWxldGUiOjE4MDAwMDAwMDAwMDAsInVwZGF0ZSI6MTgwMDAwMDAwMDAwMH19"
        }
      ]
    },
    {
      "mode": "managed",
      "type": "aws_route_table",
      "name": "public",
      "provider": "provider[\"registry.terraform.io/hashicorp/aws\"]",
      "instances": [
        {
          "schema_version": 0,
          "attributes": {
            "arn": "arn:aws:ec2:us-east-1:140023385240:route-table/rtb-0708ac98058a665e5",
            "id": "rtb-0708ac98058a665e5",
            "owner_id": "140023385240",
            "propagating_vgws": [],
            "route": [
              {
                "carrier_gateway_id": "",
                "cidr_block": "0.0.0.0/0",
                "core_network_arn": "",
                "destination_prefix_list_id": "",
                "egress_only_gateway_id": "",
                "gateway_id": "igw-0a99c2e7266f888df",
                "ipv6_cidr_block": "",
                "local_gateway_id": "",
                "nat_gateway_id": "",
                "network_interface_id": "",
                "transit_gateway_id": "",
                "vpc_endpoint_id": "",
                "vpc_peering_connection_id": ""
              }
            ],
            "tags": {
              "Name": "next-app-public-rt"
            },
            "tags_all": {
              "Name": "next-app-public-rt",
              "created_by": "terraform"
            },
            "timeouts": null,
            "vpc_id": "vpc-0d3cb79f850d38fa6"
          },
          "sensitive_attributes": [],
          "private": "eyJlMmJmYjczMC1lY2FhLTExZTYtOGY4OC0zNDM2M2JjN2M0YzAiOnsiY3JlYXRlIjozMDAwMDAwMDAwMDAsImRlbGV0ZSI6MzAwMDAwMDAwMDAwLCJ1cGRhdGUiOjEyMDAwMDAwMDAwMH19",
          "dependencies": [
            "aws_internet_gateway.gw",
            "aws_vpc.main"
          ]
        }
      ]
    },
    {
      "mode": "managed",
      "type": "aws_route_table_association",
      "name": "public_a",
      "provider": "provider[\"registry.terraform.io/hashicorp/aws\"]",
      "instances": [
        {
          "schema_version": 0,
          "attributes": {
            "gateway_id": "",
            "id": "rtbassoc-063143a921a700137",
            "route_table_id": "rtb-0708ac98058a665e5",
            "subnet_id": "subnet-0cf6b676f99309783",
            "timeouts": null
          },
          "sensitive_attributes": [],
          "private": "eyJlMmJmYjczMC1lY2FhLTExZTYtOGY4OC0zNDM2M2JjN2M0YzAiOnsiY3JlYXRlIjozMDAwMDAwMDAwMDAsImRlbGV0ZSI6MzAwMDAwMDAwMDAwLCJ1cGRhdGUiOjEyMDAwMDAwMDAwMH19",
          "dependencies": [
            "aws_internet_gateway.gw",
            "aws_route_table.public",
            "aws_subnet.public_a",
            "aws_vpc.main"
          ]
        }
      ]
    },
    {
      "mode": "managed",
      "type": "aws_route_table_association",
      "name": "public_b",
      "provider": "provider[\"registry.terraform.io/hashicorp/aws\"]",
      "instances": [
        {
          "schema_version": 0,
          "attributes": {
            "gateway_id": "",
            "id": "rtbassoc-0beb562e2e28f0ad1",
            "route_table_id": "rtb-0708ac98058a665e5",
            "subnet_id": "subnet-0b549a20841de5eae",
            "timeouts": null
          },
          "sensitive_attributes": [],
          "private": "eyJlMmJmYjczMC1lY2FhLTExZTYtOGY4OC0zNDM2M2JjN2M0YzAiOnsiY3JlYXRlIjozMDAwMDAwMDAwMDAsImRlbGV0ZSI6MzAwMDAwMDAwMDAwLCJ1cGRhdGUiOjEyMDAwMDAwMDAwMH19",
          "dependencies": [
            "aws_internet_gateway.gw",
            "aws_route_table.public",
            "aws_subnet.public_b",
            "aws_vpc.main"
          ]
        }
      ]
    },
    {
      "mode": "managed",
      "type": "aws_security_group",
      "name": "ecs_tasks",
      "provider": "provider[\"registry.terraform.io/hashicorp/aws\"]",
      "instances": [
        {
          "schema_version": 1,
          "attributes": {
            "arn": "arn:aws:ec2:us-east-1:140023385240:security-group/sg-0e9be45d6d601c7fe",
            "description": "Security group for ECS tasks",
            "egress": [
              {
                "cidr_blocks": [
                  "0.0.0.0/0"
                ],
                "description": "",
                "from_port": 0,
                "ipv6_cidr_blocks": [],
                "prefix_list_ids": [],
                "protocol": "-1",
                "security_groups": [],
                "self": false,
                "to_port": 0
              }
            ],
            "id": "sg-0e9be45d6d601c7fe",
            "ingress": [
              {
                "cidr_blocks": [
                  "0.0.0.0/0"
                ],
                "description": "",
                "from_port": 3000,
                "ipv6_cidr_blocks": [],
                "prefix_list_ids": [],
                "protocol": "tcp",
                "security_groups": [],
                "self": false,
                "to_port": 3000
              },
              {
                "cidr_blocks": [],
                "description": "",
                "from_port": 3000,
                "ipv6_cidr_blocks": [],
                "prefix_list_ids": [],
                "protocol": "tcp",
                "security_groups": [
                  "sg-0c1e38ae5080fd653"
                ],
                "self": false,
                "to_port": 3000
              }
            ],
            "name": "next-app-ecs-tasks-sg",
            "name_prefix": "",
            "owner_id": "140023385240",
            "revoke_rules_on_delete": false,
            "tags": {
              "Name": "next-app-ecs-tasks-sg"
            },
            "tags_all": {
              "Name": "next-app-ecs-tasks-sg",
              "created_by": "terraform"
            },
            "timeouts": null,
            "vpc_id": "vpc-0d3cb79f850d38fa6"
          },
          "sensitive_attributes": [],
          "private": "eyJlMmJmYjczMC1lY2FhLTExZTYtOGY4OC0zNDM2M2JjN2M0YzAiOnsiY3JlYXRlIjo2MDAwMDAwMDAwMDAsImRlbGV0ZSI6OTAwMDAwMDAwMDAwfSwic2NoZW1hX3ZlcnNpb24iOiIxIn0=",
          "dependencies": [
            "aws_security_group.lb",
            "aws_vpc.main"
          ],
          "create_before_destroy": true
        }
      ]
    },
    {
      "mode": "managed",
      "type": "aws_security_group",
      "name": "lb",
      "provider": "provider[\"registry.terraform.io/hashicorp/aws\"]",
      "instances": [
        {
          "schema_version": 1,
          "attributes": {
            "arn": "arn:aws:ec2:us-east-1:140023385240:security-group/sg-0c1e38ae5080fd653",
            "description": "Security group for load balancer",
            "egress": [
              {
                "cidr_blocks": [
                  "0.0.0.0/0"
                ],
                "description": "",
                "from_port": 0,
                "ipv6_cidr_blocks": [],
                "prefix_list_ids": [],
                "protocol": "-1",
                "security_groups": [],
                "self": false,
                "to_port": 0
              }
            ],
            "id": "sg-0c1e38ae5080fd653",
            "ingress": [
              {
                "cidr_blocks": [
                  "0.0.0.0/0"
                ],
                "description": "",
                "from_port": 443,
                "ipv6_cidr_blocks": [],
                "prefix_list_ids": [],
                "protocol": "tcp",
                "security_groups": [],
                "self": false,
                "to_port": 443
              },
              {
                "cidr_blocks": [
                  "0.0.0.0/0"
                ],
                "description": "",
                "from_port": 80,
                "ipv6_cidr_blocks": [],
                "prefix_list_ids": [],
                "protocol": "tcp",
                "security_groups": [],
                "self": false,
                "to_port": 80
              }
            ],
            "name": "next-app-lb-sg",
            "name_prefix": "",
            "owner_id": "140023385240",
            "revoke_rules_on_delete": false,
            "tags": {},
            "tags_all": {
              "created_by": "terraform"
            },
            "timeouts": null,
            "vpc_id": "vpc-0d3cb79f850d38fa6"
          },
          "sensitive_attributes": [],
          "private": "eyJlMmJmYjczMC1lY2FhLTExZTYtOGY4OC0zNDM2M2JjN2M0YzAiOnsiY3JlYXRlIjo2MDAwMDAwMDAwMDAsImRlbGV0ZSI6OTAwMDAwMDAwMDAwfSwic2NoZW1hX3ZlcnNpb24iOiIxIn0=",
          "dependencies": [
            "aws_vpc.main"
          ],
          "create_before_destroy": true
        }
      ]
    },
    {
      "mode": "managed",
      "type": "aws_subnet",
      "name": "public_a",
      "provider": "provider[\"registry.terraform.io/hashicorp/aws\"]",
      "instances": [
        {
          "schema_version": 1,
          "attributes": {
            "arn": "arn:aws:ec2:us-east-1:140023385240:subnet/subnet-0cf6b676f99309783",
            "assign_ipv6_address_on_creation": false,
            "availability_zone": "us-east-1a",
            "availability_zone_id": "use1-az4",
            "cidr_block": "10.0.1.0/24",
            "customer_owned_ipv4_pool": "",
            "enable_dns64": false,
            "enable_lni_at_device_index": 0,
            "enable_resource_name_dns_a_record_on_launch": false,
            "enable_resource_name_dns_aaaa_record_on_launch": false,
            "id": "subnet-0cf6b676f99309783",
            "ipv6_cidr_block": "",
            "ipv6_cidr_block_association_id": "",
            "ipv6_native": false,
            "map_customer_owned_ip_on_launch": false,
            "map_public_ip_on_launch": true,
            "outpost_arn": "",
            "owner_id": "140023385240",
            "private_dns_hostname_type_on_launch": "ip-name",
            "tags": {
              "Name": "next-app-public-a"
            },
            "tags_all": {
              "Name": "next-app-public-a",
              "created_by": "terraform"
            },
            "timeouts": null,
            "vpc_id": "vpc-0d3cb79f850d38fa6"
          },
          "sensitive_attributes": [],
          "private": "eyJlMmJmYjczMC1lY2FhLTExZTYtOGY4OC0zNDM2M2JjN2M0YzAiOnsiY3JlYXRlIjo2MDAwMDAwMDAwMDAsImRlbGV0ZSI6MTIwMDAwMDAwMDAwMH0sInNjaGVtYV92ZXJzaW9uIjoiMSJ9",
          "dependencies": [
            "aws_vpc.main"
          ]
        }
      ]
    },
    {
      "mode": "managed",
      "type": "aws_subnet",
      "name": "public_b",
      "provider": "provider[\"registry.terraform.io/hashicorp/aws\"]",
      "instances": [
        {
          "schema_version": 1,
          "attributes": {
            "arn": "arn:aws:ec2:us-east-1:140023385240:subnet/subnet-0b549a20841de5eae",
            "assign_ipv6_address_on_creation": false,
            "availability_zone": "us-east-1b",
            "availability_zone_id": "use1-az6",
            "cidr_block": "10.0.2.0/24",
            "customer_owned_ipv4_pool": "",
            "enable_dns64": false,
            "enable_lni_at_device_index": 0,
            "enable_resource_name_dns_a_record_on_launch": false,
            "enable_resource_name_dns_aaaa_record_on_launch": false,
            "id": "subnet-0b549a20841de5eae",
            "ipv6_cidr_block": "",
            "ipv6_cidr_block_association_id": "",
            "ipv6_native": false,
            "map_customer_owned_ip_on_launch": false,
            "map_public_ip_on_launch": true,
            "outpost_arn": "",
            "owner_id": "140023385240",
            "private_dns_hostname_type_on_launch": "ip-name",
            "tags": {
              "Name": "next-app-public-b"
            },
            "tags_all": {
              "Name": "next-app-public-b",
              "created_by": "terraform"
            },
            "timeouts": null,
            "vpc_id": "vpc-0d3cb79f850d38fa6"
          },
          "sensitive_attributes": [],
          "private": "eyJlMmJmYjczMC1lY2FhLTExZTYtOGY4OC0zNDM2M2JjN2M0YzAiOnsiY3JlYXRlIjo2MDAwMDAwMDAwMDAsImRlbGV0ZSI6MTIwMDAwMDAwMDAwMH0sInNjaGVtYV92ZXJzaW9uIjoiMSJ9",
          "dependencies": [
            "aws_vpc.main"
          ]
        }
      ]
    },
    {
      "mode": "managed",
      "type": "aws_vpc",
      "name": "main",
      "provider": "provider[\"registry.terraform.io/hashicorp/aws\"]",
      "instances": [
        {
          "schema_version": 1,
          "attributes": {
            "arn": "arn:aws:ec2:us-east-1:140023385240:vpc/vpc-0d3cb79f850d38fa6",
            "assign_generated_ipv6_cidr_block": false,
            "cidr_block": "10.0.0.0/16",
            "default_network_acl_id": "acl-06cd4440c4b45de14",
            "default_route_table_id": "rtb-016dac50edd81abd8",
            "default_security_group_id": "sg-04ca651657b35fccb",
            "dhcp_options_id": "dopt-0fa5979c872b70963",
            "enable_dns_hostnames": true,
            "enable_dns_support": true,
            "enable_network_address_usage_metrics": false,
            "id": "vpc-0d3cb79f850d38fa6",
            "instance_tenancy": "default",
            "ipv4_ipam_pool_id": null,
            "ipv4_netmask_length": null,
            "ipv6_association_id": "",
            "ipv6_cidr_block": "",
            "ipv6_cidr_block_network_border_group": "",
            "ipv6_ipam_pool_id": "",
            "ipv6_netmask_length": 0,
            "main_route_table_id": "rtb-016dac50edd81abd8",
            "owner_id": "140023385240",
            "tags": {
              "Name": "next-app-vpc"
            },
            "tags_all": {
              "Name": "next-app-vpc",
              "created_by": "terraform"
            }
          },
          "sensitive_attributes": [],
          "private": "eyJzY2hlbWFfdmVyc2lvbiI6IjEifQ==",
          "create_before_destroy": true
        }
      ]
    },
    {
      "mode": "managed",
      "type": "null_resource",
      "name": "docker_build",
      "provider": "provider[\"registry.terraform.io/hashicorp/null\"]",
      "instances": [
        {
          "schema_version": 0,
          "attributes": {
            "id": "4100162838178929094",
            "triggers": {
              "docker_file": "b48f9578233a6903e90ab16096f763d19cff328c1f2eaaaecd504001a6a989bf",
              "package_json": "acc4fe30991a49d29e65a88f1c0d5e35bd30224b0ad09869e535054ddcbb2882"
            }
          },
          "sensitive_attributes": [],
          "dependencies": [
            "aws_ecr_repository.app_ecr_repo"
          ]
        }
      ]
    }
  ],
  "check_results": null
}
